// !$*UTF8*$!
{
	archiveVersion = 1;
	classes = {
	};
	objectVersion = 48;
	objects = {

/* Begin PBXBuildFile section */
		0872F6DE20C2E484005B0C21 /* AppDelegate.m in Sources */ = {isa = PBXBuildFile; fileRef = 0872F6DD20C2E484005B0C21 /* AppDelegate.m */; };
		0872F6E120C2E484005B0C21 /* ViewController.m in Sources */ = {isa = PBXBuildFile; fileRef = 0872F6E020C2E484005B0C21 /* ViewController.m */; };
		0872F6E420C2E484005B0C21 /* Main.storyboard in Resources */ = {isa = PBXBuildFile; fileRef = 0872F6E220C2E484005B0C21 /* Main.storyboard */; };
		0872F6E620C2E484005B0C21 /* Assets.xcassets in Resources */ = {isa = PBXBuildFile; fileRef = 0872F6E520C2E484005B0C21 /* Assets.xcassets */; };
		0872F6E920C2E484005B0C21 /* LaunchScreen.storyboard in Resources */ = {isa = PBXBuildFile; fileRef = 0872F6E720C2E484005B0C21 /* LaunchScreen.storyboard */; };
		0872F6EC20C2E484005B0C21 /* main.m in Sources */ = {isa = PBXBuildFile; fileRef = 0872F6EB20C2E484005B0C21 /* main.m */; };
		0872F6F620C2E484005B0C21 /* UniqueHackday_realTests.m in Sources */ = {isa = PBXBuildFile; fileRef = 0872F6F520C2E484005B0C21 /* UniqueHackday_realTests.m */; };
		0872F70120C2E484005B0C21 /* UniqueHackday_realUITests.m in Sources */ = {isa = PBXBuildFile; fileRef = 0872F70020C2E484005B0C21 /* UniqueHackday_realUITests.m */; };
		0872F71020C2E591005B0C21 /* DataBase.m in Sources */ = {isa = PBXBuildFile; fileRef = 0872F70F20C2E591005B0C21 /* DataBase.m */; };
		0872F71320C2E5CC005B0C21 /* Major.m in Sources */ = {isa = PBXBuildFile; fileRef = 0872F71220C2E5CC005B0C21 /* Major.m */; };
		0872F71620C2E5E4005B0C21 /* User.m in Sources */ = {isa = PBXBuildFile; fileRef = 0872F71520C2E5E4005B0C21 /* User.m */; };
		0872F71920C2E601005B0C21 /* MajorInfo.m in Sources */ = {isa = PBXBuildFile; fileRef = 0872F71820C2E601005B0C21 /* MajorInfo.m */; };
		0872F71C20C2E622005B0C21 /* Employment.m in Sources */ = {isa = PBXBuildFile; fileRef = 0872F71B20C2E622005B0C21 /* Employment.m */; };
		0872F71F20C2E637005B0C21 /* Knowledge.m in Sources */ = {isa = PBXBuildFile; fileRef = 0872F71E20C2E637005B0C21 /* Knowledge.m */; };
		0872F72220C2E64B005B0C21 /* Skill.m in Sources */ = {isa = PBXBuildFile; fileRef = 0872F72120C2E64B005B0C21 /* Skill.m */; };
		0872F72520C2E668005B0C21 /* Chance.m in Sources */ = {isa = PBXBuildFile; fileRef = 0872F72420C2E668005B0C21 /* Chance.m */; };
		0872F72820C2E678005B0C21 /* Article.m in Sources */ = {isa = PBXBuildFile; fileRef = 0872F72720C2E678005B0C21 /* Article.m */; };
		0872F72B20C2E689005B0C21 /* Company.m in Sources */ = {isa = PBXBuildFile; fileRef = 0872F72A20C2E689005B0C21 /* Company.m */; };
		0872F72E20C3713B005B0C21 /* CompleteController.m in Sources */ = {isa = PBXBuildFile; fileRef = 0872F72D20C3713B005B0C21 /* CompleteController.m */; };
		38F61CE45ADF56BFA5793A76 /* libPods-UniqueHackday_real.a in Frameworks */ = {isa = PBXBuildFile; fileRef = 74D42B084E8DAD4FE89F9CB1 /* libPods-UniqueHackday_real.a */; };
		E20AA43F20C2EABB00839069 /* KnowledgeController.m in Sources */ = {isa = PBXBuildFile; fileRef = E20AA43E20C2EABB00839069 /* KnowledgeController.m */; };
		E20AA44220C2EAF300839069 /* SkillController.m in Sources */ = {isa = PBXBuildFile; fileRef = E20AA44120C2EAF300839069 /* SkillController.m */; };
		E20AA44520C2EB0B00839069 /* EmploymentController.m in Sources */ = {isa = PBXBuildFile; fileRef = E20AA44420C2EB0B00839069 /* EmploymentController.m */; };
		E20AA44820C2EB1500839069 /* MeController.m in Sources */ = {isa = PBXBuildFile; fileRef = E20AA44720C2EB1500839069 /* MeController.m */; };
		E20AA44C20C2EB3F00839069 /* LoginController.m in Sources */ = {isa = PBXBuildFile; fileRef = E20AA44B20C2EB3F00839069 /* LoginController.m */; };
		E20AA44F20C2EB5500839069 /* RegisterController.m in Sources */ = {isa = PBXBuildFile; fileRef = E20AA44E20C2EB5500839069 /* RegisterController.m */; };
		E20AA45220C2F80000839069 /* UIResponder+FirstResponder.m in Sources */ = {isa = PBXBuildFile; fileRef = E20AA45120C2F80000839069 /* UIResponder+FirstResponder.m */; };
		E20AA45620C309D500839069 /* NetworkTool.m in Sources */ = {isa = PBXBuildFile; fileRef = E20AA45520C309D500839069 /* NetworkTool.m */; };
		E2956FD920C322F500391708 /* CollectionCell.m in Sources */ = {isa = PBXBuildFile; fileRef = E2956FD820C322F500391708 /* CollectionCell.m */; };
		E2956FDC20C3277D00391708 /* HorizontalCell.m in Sources */ = {isa = PBXBuildFile; fileRef = E2956FDB20C3277D00391708 /* HorizontalCell.m */; };
		E2956FDF20C332D400391708 /* HeaderCell.m in Sources */ = {isa = PBXBuildFile; fileRef = E2956FDE20C332D400391708 /* HeaderCell.m */; };
		E2956FE220C336B000391708 /* ArticleCell.m in Sources */ = {isa = PBXBuildFile; fileRef = E2956FE120C336B000391708 /* ArticleCell.m */; };
		E2956FE520C353DC00391708 /* TopView.m in Sources */ = {isa = PBXBuildFile; fileRef = E2956FE420C353DC00391708 /* TopView.m */; };
		E2956FF120C3726800391708 /* MeCellTableViewCell.m in Sources */ = {isa = PBXBuildFile; fileRef = E2956FF020C3726800391708 /* MeCellTableViewCell.m */; };
		E2956FF420C37E3B00391708 /* Tab1.m in Sources */ = {isa = PBXBuildFile; fileRef = E2956FF320C37E3B00391708 /* Tab1.m */; };
		E2956FF720C38AD800391708 /* Tab2.m in Sources */ = {isa = PBXBuildFile; fileRef = E2956FF620C38AD800391708 /* Tab2.m */; };
		E2956FFA20C38B5500391708 /* Tab2Item.m in Sources */ = {isa = PBXBuildFile; fileRef = E2956FF920C38B5500391708 /* Tab2Item.m */; };
/* End PBXBuildFile section */

/* Begin PBXContainerItemProxy section */
		0872F6F220C2E484005B0C21 /* PBXContainerItemProxy */ = {
			isa = PBXContainerItemProxy;
			containerPortal = 0872F6D120C2E484005B0C21 /* Project object */;
			proxyType = 1;
			remoteGlobalIDString = 0872F6D820C2E484005B0C21;
			remoteInfo = UniqueHackday_real;
		};
		0872F6FD20C2E484005B0C21 /* PBXContainerItemProxy */ = {
			isa = PBXContainerItemProxy;
			containerPortal = 0872F6D120C2E484005B0C21 /* Project object */;
			proxyType = 1;
			remoteGlobalIDString = 0872F6D820C2E484005B0C21;
			remoteInfo = UniqueHackday_real;
		};
/* End PBXContainerItemProxy section */

/* Begin PBXFileReference section */
		0872F6D920C2E484005B0C21 /* UniqueHackday_real.app */ = {isa = PBXFileReference; explicitFileType = wrapper.application; includeInIndex = 0; path = UniqueHackday_real.app; sourceTree = BUILT_PRODUCTS_DIR; };
		0872F6DC20C2E484005B0C21 /* AppDelegate.h */ = {isa = PBXFileReference; lastKnownFileType = sourcecode.c.h; path = AppDelegate.h; sourceTree = "<group>"; };
		0872F6DD20C2E484005B0C21 /* AppDelegate.m */ = {isa = PBXFileReference; lastKnownFileType = sourcecode.c.objc; path = AppDelegate.m; sourceTree = "<group>"; };
		0872F6DF20C2E484005B0C21 /* ViewController.h */ = {isa = PBXFileReference; lastKnownFileType = sourcecode.c.h; path = ViewController.h; sourceTree = "<group>"; };
		0872F6E020C2E484005B0C21 /* ViewController.m */ = {isa = PBXFileReference; lastKnownFileType = sourcecode.c.objc; path = ViewController.m; sourceTree = "<group>"; };
		0872F6E320C2E484005B0C21 /* Base */ = {isa = PBXFileReference; lastKnownFileType = file.storyboard; name = Base; path = Base.lproj/Main.storyboard; sourceTree = "<group>"; };
		0872F6E520C2E484005B0C21 /* Assets.xcassets */ = {isa = PBXFileReference; lastKnownFileType = folder.assetcatalog; path = Assets.xcassets; sourceTree = "<group>"; };
		0872F6E820C2E484005B0C21 /* Base */ = {isa = PBXFileReference; lastKnownFileType = file.storyboard; name = Base; path = Base.lproj/LaunchScreen.storyboard; sourceTree = "<group>"; };
		0872F6EA20C2E484005B0C21 /* Info.plist */ = {isa = PBXFileReference; lastKnownFileType = text.plist.xml; path = Info.plist; sourceTree = "<group>"; };
		0872F6EB20C2E484005B0C21 /* main.m */ = {isa = PBXFileReference; lastKnownFileType = sourcecode.c.objc; path = main.m; sourceTree = "<group>"; };
		0872F6F120C2E484005B0C21 /* UniqueHackday_realTests.xctest */ = {isa = PBXFileReference; explicitFileType = wrapper.cfbundle; includeInIndex = 0; path = UniqueHackday_realTests.xctest; sourceTree = BUILT_PRODUCTS_DIR; };
		0872F6F520C2E484005B0C21 /* UniqueHackday_realTests.m */ = {isa = PBXFileReference; lastKnownFileType = sourcecode.c.objc; path = UniqueHackday_realTests.m; sourceTree = "<group>"; };
		0872F6F720C2E484005B0C21 /* Info.plist */ = {isa = PBXFileReference; lastKnownFileType = text.plist.xml; path = Info.plist; sourceTree = "<group>"; };
		0872F6FC20C2E484005B0C21 /* UniqueHackday_realUITests.xctest */ = {isa = PBXFileReference; explicitFileType = wrapper.cfbundle; includeInIndex = 0; path = UniqueHackday_realUITests.xctest; sourceTree = BUILT_PRODUCTS_DIR; };
		0872F70020C2E484005B0C21 /* UniqueHackday_realUITests.m */ = {isa = PBXFileReference; lastKnownFileType = sourcecode.c.objc; path = UniqueHackday_realUITests.m; sourceTree = "<group>"; };
		0872F70220C2E484005B0C21 /* Info.plist */ = {isa = PBXFileReference; lastKnownFileType = text.plist.xml; path = Info.plist; sourceTree = "<group>"; };
		0872F70E20C2E591005B0C21 /* DataBase.h */ = {isa = PBXFileReference; lastKnownFileType = sourcecode.c.h; path = DataBase.h; sourceTree = "<group>"; };
		0872F70F20C2E591005B0C21 /* DataBase.m */ = {isa = PBXFileReference; lastKnownFileType = sourcecode.c.objc; path = DataBase.m; sourceTree = "<group>"; };
		0872F71120C2E5CC005B0C21 /* Major.h */ = {isa = PBXFileReference; lastKnownFileType = sourcecode.c.h; path = Major.h; sourceTree = "<group>"; };
		0872F71220C2E5CC005B0C21 /* Major.m */ = {isa = PBXFileReference; lastKnownFileType = sourcecode.c.objc; path = Major.m; sourceTree = "<group>"; };
		0872F71420C2E5E4005B0C21 /* User.h */ = {isa = PBXFileReference; lastKnownFileType = sourcecode.c.h; path = User.h; sourceTree = "<group>"; };
		0872F71520C2E5E4005B0C21 /* User.m */ = {isa = PBXFileReference; lastKnownFileType = sourcecode.c.objc; path = User.m; sourceTree = "<group>"; };
		0872F71720C2E601005B0C21 /* MajorInfo.h */ = {isa = PBXFileReference; lastKnownFileType = sourcecode.c.h; path = MajorInfo.h; sourceTree = "<group>"; };
		0872F71820C2E601005B0C21 /* MajorInfo.m */ = {isa = PBXFileReference; lastKnownFileType = sourcecode.c.objc; path = MajorInfo.m; sourceTree = "<group>"; };
		0872F71A20C2E622005B0C21 /* Employment.h */ = {isa = PBXFileReference; lastKnownFileType = sourcecode.c.h; path = Employment.h; sourceTree = "<group>"; };
		0872F71B20C2E622005B0C21 /* Employment.m */ = {isa = PBXFileReference; lastKnownFileType = sourcecode.c.objc; path = Employment.m; sourceTree = "<group>"; };
		0872F71D20C2E637005B0C21 /* Knowledge.h */ = {isa = PBXFileReference; lastKnownFileType = sourcecode.c.h; path = Knowledge.h; sourceTree = "<group>"; };
		0872F71E20C2E637005B0C21 /* Knowledge.m */ = {isa = PBXFileReference; lastKnownFileType = sourcecode.c.objc; path = Knowledge.m; sourceTree = "<group>"; };
		0872F72020C2E64B005B0C21 /* Skill.h */ = {isa = PBXFileReference; lastKnownFileType = sourcecode.c.h; path = Skill.h; sourceTree = "<group>"; };
		0872F72120C2E64B005B0C21 /* Skill.m */ = {isa = PBXFileReference; lastKnownFileType = sourcecode.c.objc; path = Skill.m; sourceTree = "<group>"; };
		0872F72320C2E668005B0C21 /* Chance.h */ = {isa = PBXFileReference; lastKnownFileType = sourcecode.c.h; path = Chance.h; sourceTree = "<group>"; };
		0872F72420C2E668005B0C21 /* Chance.m */ = {isa = PBXFileReference; lastKnownFileType = sourcecode.c.objc; path = Chance.m; sourceTree = "<group>"; };
		0872F72620C2E678005B0C21 /* Article.h */ = {isa = PBXFileReference; lastKnownFileType = sourcecode.c.h; path = Article.h; sourceTree = "<group>"; };
		0872F72720C2E678005B0C21 /* Article.m */ = {isa = PBXFileReference; lastKnownFileType = sourcecode.c.objc; path = Article.m; sourceTree = "<group>"; };
		0872F72920C2E689005B0C21 /* Company.h */ = {isa = PBXFileReference; lastKnownFileType = sourcecode.c.h; path = Company.h; sourceTree = "<group>"; };
		0872F72A20C2E689005B0C21 /* Company.m */ = {isa = PBXFileReference; lastKnownFileType = sourcecode.c.objc; path = Company.m; sourceTree = "<group>"; };
		0872F72C20C3713B005B0C21 /* CompleteController.h */ = {isa = PBXFileReference; lastKnownFileType = sourcecode.c.h; path = CompleteController.h; sourceTree = "<group>"; };
		0872F72D20C3713B005B0C21 /* CompleteController.m */ = {isa = PBXFileReference; lastKnownFileType = sourcecode.c.objc; path = CompleteController.m; sourceTree = "<group>"; };
		0872F72F20C37E28005B0C21 /* FakeData.h */ = {isa = PBXFileReference; lastKnownFileType = sourcecode.c.h; path = FakeData.h; sourceTree = "<group>"; };
		0872F73020C37E28005B0C21 /* FakeData.m */ = {isa = PBXFileReference; lastKnownFileType = sourcecode.c.objc; path = FakeData.m; sourceTree = "<group>"; };
		4018CFDE32E0E7E5E0C14069 /* Pods-UniqueHackday_real.debug.xcconfig */ = {isa = PBXFileReference; includeInIndex = 1; lastKnownFileType = text.xcconfig; name = "Pods-UniqueHackday_real.debug.xcconfig"; path = "Pods/Target Support Files/Pods-UniqueHackday_real/Pods-UniqueHackday_real.debug.xcconfig"; sourceTree = "<group>"; };
		74D42B084E8DAD4FE89F9CB1 /* libPods-UniqueHackday_real.a */ = {isa = PBXFileReference; explicitFileType = archive.ar; includeInIndex = 0; path = "libPods-UniqueHackday_real.a"; sourceTree = BUILT_PRODUCTS_DIR; };
		BF24F59DDB6CEDBFD1AAAD9D /* Pods-UniqueHackday_real.release.xcconfig */ = {isa = PBXFileReference; includeInIndex = 1; lastKnownFileType = text.xcconfig; name = "Pods-UniqueHackday_real.release.xcconfig"; path = "Pods/Target Support Files/Pods-UniqueHackday_real/Pods-UniqueHackday_real.release.xcconfig"; sourceTree = "<group>"; };
		E20AA43D20C2EABB00839069 /* KnowledgeController.h */ = {isa = PBXFileReference; lastKnownFileType = sourcecode.c.h; path = KnowledgeController.h; sourceTree = "<group>"; };
		E20AA43E20C2EABB00839069 /* KnowledgeController.m */ = {isa = PBXFileReference; lastKnownFileType = sourcecode.c.objc; path = KnowledgeController.m; sourceTree = "<group>"; };
		E20AA44020C2EAF300839069 /* SkillController.h */ = {isa = PBXFileReference; lastKnownFileType = sourcecode.c.h; path = SkillController.h; sourceTree = "<group>"; };
		E20AA44120C2EAF300839069 /* SkillController.m */ = {isa = PBXFileReference; lastKnownFileType = sourcecode.c.objc; path = SkillController.m; sourceTree = "<group>"; };
		E20AA44320C2EB0B00839069 /* EmploymentController.h */ = {isa = PBXFileReference; lastKnownFileType = sourcecode.c.h; path = EmploymentController.h; sourceTree = "<group>"; };
		E20AA44420C2EB0B00839069 /* EmploymentController.m */ = {isa = PBXFileReference; lastKnownFileType = sourcecode.c.objc; path = EmploymentController.m; sourceTree = "<group>"; };
		E20AA44620C2EB1500839069 /* MeController.h */ = {isa = PBXFileReference; lastKnownFileType = sourcecode.c.h; path = MeController.h; sourceTree = "<group>"; };
		E20AA44720C2EB1500839069 /* MeController.m */ = {isa = PBXFileReference; lastKnownFileType = sourcecode.c.objc; path = MeController.m; sourceTree = "<group>"; };
		E20AA44A20C2EB3F00839069 /* LoginController.h */ = {isa = PBXFileReference; lastKnownFileType = sourcecode.c.h; path = LoginController.h; sourceTree = "<group>"; };
		E20AA44B20C2EB3F00839069 /* LoginController.m */ = {isa = PBXFileReference; lastKnownFileType = sourcecode.c.objc; path = LoginController.m; sourceTree = "<group>"; };
		E20AA44D20C2EB5500839069 /* RegisterController.h */ = {isa = PBXFileReference; lastKnownFileType = sourcecode.c.h; path = RegisterController.h; sourceTree = "<group>"; };
		E20AA44E20C2EB5500839069 /* RegisterController.m */ = {isa = PBXFileReference; lastKnownFileType = sourcecode.c.objc; path = RegisterController.m; sourceTree = "<group>"; };
		E20AA45020C2F80000839069 /* UIResponder+FirstResponder.h */ = {isa = PBXFileReference; lastKnownFileType = sourcecode.c.h; path = "UIResponder+FirstResponder.h"; sourceTree = "<group>"; };
		E20AA45120C2F80000839069 /* UIResponder+FirstResponder.m */ = {isa = PBXFileReference; lastKnownFileType = sourcecode.c.objc; path = "UIResponder+FirstResponder.m"; sourceTree = "<group>"; };
		E20AA45420C309D500839069 /* NetworkTool.h */ = {isa = PBXFileReference; lastKnownFileType = sourcecode.c.h; path = NetworkTool.h; sourceTree = "<group>"; };
		E20AA45520C309D500839069 /* NetworkTool.m */ = {isa = PBXFileReference; lastKnownFileType = sourcecode.c.objc; path = NetworkTool.m; sourceTree = "<group>"; };
		E2956FD720C322F500391708 /* CollectionCell.h */ = {isa = PBXFileReference; lastKnownFileType = sourcecode.c.h; path = CollectionCell.h; sourceTree = "<group>"; };
		E2956FD820C322F500391708 /* CollectionCell.m */ = {isa = PBXFileReference; lastKnownFileType = sourcecode.c.objc; path = CollectionCell.m; sourceTree = "<group>"; };
		E2956FDA20C3277D00391708 /* HorizontalCell.h */ = {isa = PBXFileReference; lastKnownFileType = sourcecode.c.h; path = HorizontalCell.h; sourceTree = "<group>"; };
		E2956FDB20C3277D00391708 /* HorizontalCell.m */ = {isa = PBXFileReference; lastKnownFileType = sourcecode.c.objc; path = HorizontalCell.m; sourceTree = "<group>"; };
		E2956FDD20C332D400391708 /* HeaderCell.h */ = {isa = PBXFileReference; lastKnownFileType = sourcecode.c.h; path = HeaderCell.h; sourceTree = "<group>"; };
		E2956FDE20C332D400391708 /* HeaderCell.m */ = {isa = PBXFileReference; lastKnownFileType = sourcecode.c.objc; path = HeaderCell.m; sourceTree = "<group>"; };
		E2956FE020C336B000391708 /* ArticleCell.h */ = {isa = PBXFileReference; lastKnownFileType = sourcecode.c.h; path = ArticleCell.h; sourceTree = "<group>"; };
		E2956FE120C336B000391708 /* ArticleCell.m */ = {isa = PBXFileReference; lastKnownFileType = sourcecode.c.objc; path = ArticleCell.m; sourceTree = "<group>"; };
		E2956FE320C353DC00391708 /* TopView.h */ = {isa = PBXFileReference; lastKnownFileType = sourcecode.c.h; path = TopView.h; sourceTree = "<group>"; };
		E2956FE420C353DC00391708 /* TopView.m */ = {isa = PBXFileReference; lastKnownFileType = sourcecode.c.objc; path = TopView.m; sourceTree = "<group>"; };
		E2956FEF20C3726800391708 /* MeCellTableViewCell.h */ = {isa = PBXFileReference; lastKnownFileType = sourcecode.c.h; path = MeCellTableViewCell.h; sourceTree = "<group>"; };
		E2956FF020C3726800391708 /* MeCellTableViewCell.m */ = {isa = PBXFileReference; lastKnownFileType = sourcecode.c.objc; path = MeCellTableViewCell.m; sourceTree = "<group>"; };
		E2956FF220C37E3B00391708 /* Tab1.h */ = {isa = PBXFileReference; lastKnownFileType = sourcecode.c.h; path = Tab1.h; sourceTree = "<group>"; };
		E2956FF320C37E3B00391708 /* Tab1.m */ = {isa = PBXFileReference; lastKnownFileType = sourcecode.c.objc; path = Tab1.m; sourceTree = "<group>"; };
		E2956FF520C38AD800391708 /* Tab2.h */ = {isa = PBXFileReference; lastKnownFileType = sourcecode.c.h; path = Tab2.h; sourceTree = "<group>"; };
		E2956FF620C38AD800391708 /* Tab2.m */ = {isa = PBXFileReference; lastKnownFileType = sourcecode.c.objc; path = Tab2.m; sourceTree = "<group>"; };
		E2956FF820C38B5500391708 /* Tab2Item.h */ = {isa = PBXFileReference; lastKnownFileType = sourcecode.c.h; path = Tab2Item.h; sourceTree = "<group>"; };
		E2956FF920C38B5500391708 /* Tab2Item.m */ = {isa = PBXFileReference; lastKnownFileType = sourcecode.c.objc; path = Tab2Item.m; sourceTree = "<group>"; };
/* End PBXFileReference section */

/* Begin PBXFrameworksBuildPhase section */
		0872F6D620C2E484005B0C21 /* Frameworks */ = {
			isa = PBXFrameworksBuildPhase;
			buildActionMask = 2147483647;
			files = (
				38F61CE45ADF56BFA5793A76 /* libPods-UniqueHackday_real.a in Frameworks */,
			);
			runOnlyForDeploymentPostprocessing = 0;
		};
		0872F6EE20C2E484005B0C21 /* Frameworks */ = {
			isa = PBXFrameworksBuildPhase;
			buildActionMask = 2147483647;
			files = (
			);
			runOnlyForDeploymentPostprocessing = 0;
		};
		0872F6F920C2E484005B0C21 /* Frameworks */ = {
			isa = PBXFrameworksBuildPhase;
			buildActionMask = 2147483647;
			files = (
			);
			runOnlyForDeploymentPostprocessing = 0;
		};
/* End PBXFrameworksBuildPhase section */

/* Begin PBXGroup section */
		0872F6D020C2E484005B0C21 = {
			isa = PBXGroup;
			children = (
				0872F6DB20C2E484005B0C21 /* UniqueHackday_real */,
				0872F6F420C2E484005B0C21 /* UniqueHackday_realTests */,
				0872F6FF20C2E484005B0C21 /* UniqueHackday_realUITests */,
				0872F6DA20C2E484005B0C21 /* Products */,
				5393AB8B5C37E4C9340CEEE6 /* Pods */,
				9BBCEE82ABE09E5317859133 /* Frameworks */,
			);
			sourceTree = "<group>";
		};
		0872F6DA20C2E484005B0C21 /* Products */ = {
			isa = PBXGroup;
			children = (
				0872F6D920C2E484005B0C21 /* UniqueHackday_real.app */,
				0872F6F120C2E484005B0C21 /* UniqueHackday_realTests.xctest */,
				0872F6FC20C2E484005B0C21 /* UniqueHackday_realUITests.xctest */,
			);
			name = Products;
			sourceTree = "<group>";
		};
		0872F6DB20C2E484005B0C21 /* UniqueHackday_real */ = {
			isa = PBXGroup;
			children = (
				0872F72F20C37E28005B0C21 /* FakeData.h */,
				0872F73020C37E28005B0C21 /* FakeData.m */,
				E20AA43A20C2E9F500839069 /* Model */,
				E20AA43B20C2E9FC00839069 /* View */,
				E20AA43C20C2EA0000839069 /* Controller */,
				0872F6DC20C2E484005B0C21 /* AppDelegate.h */,
				0872F6DD20C2E484005B0C21 /* AppDelegate.m */,
				0872F6DF20C2E484005B0C21 /* ViewController.h */,
				0872F6E020C2E484005B0C21 /* ViewController.m */,
				E20AA45020C2F80000839069 /* UIResponder+FirstResponder.h */,
				E20AA45120C2F80000839069 /* UIResponder+FirstResponder.m */,
				0872F6E220C2E484005B0C21 /* Main.storyboard */,
				0872F6E520C2E484005B0C21 /* Assets.xcassets */,
				0872F6E720C2E484005B0C21 /* LaunchScreen.storyboard */,
				0872F6EA20C2E484005B0C21 /* Info.plist */,
				0872F6EB20C2E484005B0C21 /* main.m */,
			);
			path = UniqueHackday_real;
			sourceTree = "<group>";
		};
		0872F6F420C2E484005B0C21 /* UniqueHackday_realTests */ = {
			isa = PBXGroup;
			children = (
				0872F6F520C2E484005B0C21 /* UniqueHackday_realTests.m */,
				0872F6F720C2E484005B0C21 /* Info.plist */,
			);
			path = UniqueHackday_realTests;
			sourceTree = "<group>";
		};
		0872F6FF20C2E484005B0C21 /* UniqueHackday_realUITests */ = {
			isa = PBXGroup;
			children = (
				0872F70020C2E484005B0C21 /* UniqueHackday_realUITests.m */,
				0872F70220C2E484005B0C21 /* Info.plist */,
			);
			path = UniqueHackday_realUITests;
			sourceTree = "<group>";
		};
		5393AB8B5C37E4C9340CEEE6 /* Pods */ = {
			isa = PBXGroup;
			children = (
				4018CFDE32E0E7E5E0C14069 /* Pods-UniqueHackday_real.debug.xcconfig */,
				BF24F59DDB6CEDBFD1AAAD9D /* Pods-UniqueHackday_real.release.xcconfig */,
			);
			name = Pods;
			sourceTree = "<group>";
		};
		9BBCEE82ABE09E5317859133 /* Frameworks */ = {
			isa = PBXGroup;
			children = (
				74D42B084E8DAD4FE89F9CB1 /* libPods-UniqueHackday_real.a */,
			);
			name = Frameworks;
			sourceTree = "<group>";
		};
		E20AA43A20C2E9F500839069 /* Model */ = {
			isa = PBXGroup;
			children = (
				E20AA45320C309BF00839069 /* Tool */,
				0872F71120C2E5CC005B0C21 /* Major.h */,
				0872F71220C2E5CC005B0C21 /* Major.m */,
				0872F71420C2E5E4005B0C21 /* User.h */,
				0872F71520C2E5E4005B0C21 /* User.m */,
				0872F71720C2E601005B0C21 /* MajorInfo.h */,
				0872F71820C2E601005B0C21 /* MajorInfo.m */,
				0872F71A20C2E622005B0C21 /* Employment.h */,
				0872F71B20C2E622005B0C21 /* Employment.m */,
				0872F71D20C2E637005B0C21 /* Knowledge.h */,
				0872F71E20C2E637005B0C21 /* Knowledge.m */,
				0872F72020C2E64B005B0C21 /* Skill.h */,
				0872F72120C2E64B005B0C21 /* Skill.m */,
				0872F72320C2E668005B0C21 /* Chance.h */,
				0872F72420C2E668005B0C21 /* Chance.m */,
				0872F72620C2E678005B0C21 /* Article.h */,
				0872F72720C2E678005B0C21 /* Article.m */,
				0872F72920C2E689005B0C21 /* Company.h */,
				0872F72A20C2E689005B0C21 /* Company.m */,
			);
			path = Model;
			sourceTree = "<group>";
		};
		E20AA43B20C2E9FC00839069 /* View */ = {
			isa = PBXGroup;
			children = (
				E2956FE320C353DC00391708 /* TopView.h */,
				E2956FE420C353DC00391708 /* TopView.m */,
				E2956FF220C37E3B00391708 /* Tab1.h */,
				E2956FF320C37E3B00391708 /* Tab1.m */,
				E2956FF820C38B5500391708 /* Tab2Item.h */,
				E2956FF920C38B5500391708 /* Tab2Item.m */,
				E2956FF520C38AD800391708 /* Tab2.h */,
				E2956FF620C38AD800391708 /* Tab2.m */,
				E20AA45720C31ED500839069 /* Cell */,
			);
			path = View;
			sourceTree = "<group>";
		};
		E20AA43C20C2EA0000839069 /* Controller */ = {
			isa = PBXGroup;
			children = (
				E20AA44920C2EB2F00839069 /* Login&Reg */,
				E20AA43D20C2EABB00839069 /* KnowledgeController.h */,
				E20AA43E20C2EABB00839069 /* KnowledgeController.m */,
				E20AA44020C2EAF300839069 /* SkillController.h */,
				E20AA44120C2EAF300839069 /* SkillController.m */,
				E20AA44320C2EB0B00839069 /* EmploymentController.h */,
				E20AA44420C2EB0B00839069 /* EmploymentController.m */,
				E20AA44620C2EB1500839069 /* MeController.h */,
				E20AA44720C2EB1500839069 /* MeController.m */,
			);
			path = Controller;
			sourceTree = "<group>";
		};
		E20AA44920C2EB2F00839069 /* Login&Reg */ = {
			isa = PBXGroup;
			children = (
				E20AA44A20C2EB3F00839069 /* LoginController.h */,
				E20AA44B20C2EB3F00839069 /* LoginController.m */,
				0872F72C20C3713B005B0C21 /* CompleteController.h */,
				0872F72D20C3713B005B0C21 /* CompleteController.m */,
				E20AA44D20C2EB5500839069 /* RegisterController.h */,
				E20AA44E20C2EB5500839069 /* RegisterController.m */,
			);
			path = "Login&Reg";
			sourceTree = "<group>";
		};
		E20AA45320C309BF00839069 /* Tool */ = {
			isa = PBXGroup;
			children = (
				0872F70E20C2E591005B0C21 /* DataBase.h */,
				0872F70F20C2E591005B0C21 /* DataBase.m */,
				E20AA45420C309D500839069 /* NetworkTool.h */,
				E20AA45520C309D500839069 /* NetworkTool.m */,
			);
			path = Tool;
			sourceTree = "<group>";
		};
		E20AA45720C31ED500839069 /* Cell */ = {
			isa = PBXGroup;
			children = (
				E2956FD720C322F500391708 /* CollectionCell.h */,
				E2956FD820C322F500391708 /* CollectionCell.m */,
				E2956FDA20C3277D00391708 /* HorizontalCell.h */,
				E2956FDB20C3277D00391708 /* HorizontalCell.m */,
				E2956FDD20C332D400391708 /* HeaderCell.h */,
				E2956FDE20C332D400391708 /* HeaderCell.m */,
				E2956FE020C336B000391708 /* ArticleCell.h */,
				E2956FE120C336B000391708 /* ArticleCell.m */,
				E2956FEF20C3726800391708 /* MeCellTableViewCell.h */,
				E2956FF020C3726800391708 /* MeCellTableViewCell.m */,
			);
			path = Cell;
			sourceTree = "<group>";
		};
/* End PBXGroup section */

/* Begin PBXNativeTarget section */
		0872F6D820C2E484005B0C21 /* UniqueHackday_real */ = {
			isa = PBXNativeTarget;
			buildConfigurationList = 0872F70520C2E484005B0C21 /* Build configuration list for PBXNativeTarget "UniqueHackday_real" */;
			buildPhases = (
				AE8C6566A2EA3D72D86FC28D /* [CP] Check Pods Manifest.lock */,
				0872F6D520C2E484005B0C21 /* Sources */,
				0872F6D620C2E484005B0C21 /* Frameworks */,
				0872F6D720C2E484005B0C21 /* Resources */,
				8C328DA84EAB998B42636200 /* [CP] Embed Pods Frameworks */,
				E67AFDBA2941E30A076D9CA6 /* [CP] Copy Pods Resources */,
			);
			buildRules = (
			);
			dependencies = (
			);
			name = UniqueHackday_real;
			productName = UniqueHackday_real;
			productReference = 0872F6D920C2E484005B0C21 /* UniqueHackday_real.app */;
			productType = "com.apple.product-type.application";
		};
		0872F6F020C2E484005B0C21 /* UniqueHackday_realTests */ = {
			isa = PBXNativeTarget;
			buildConfigurationList = 0872F70820C2E484005B0C21 /* Build configuration list for PBXNativeTarget "UniqueHackday_realTests" */;
			buildPhases = (
				0872F6ED20C2E484005B0C21 /* Sources */,
				0872F6EE20C2E484005B0C21 /* Frameworks */,
				0872F6EF20C2E484005B0C21 /* Resources */,
			);
			buildRules = (
			);
			dependencies = (
				0872F6F320C2E484005B0C21 /* PBXTargetDependency */,
			);
			name = UniqueHackday_realTests;
			productName = UniqueHackday_realTests;
			productReference = 0872F6F120C2E484005B0C21 /* UniqueHackday_realTests.xctest */;
			productType = "com.apple.product-type.bundle.unit-test";
		};
		0872F6FB20C2E484005B0C21 /* UniqueHackday_realUITests */ = {
			isa = PBXNativeTarget;
			buildConfigurationList = 0872F70B20C2E484005B0C21 /* Build configuration list for PBXNativeTarget "UniqueHackday_realUITests" */;
			buildPhases = (
				0872F6F820C2E484005B0C21 /* Sources */,
				0872F6F920C2E484005B0C21 /* Frameworks */,
				0872F6FA20C2E484005B0C21 /* Resources */,
			);
			buildRules = (
			);
			dependencies = (
				0872F6FE20C2E484005B0C21 /* PBXTargetDependency */,
			);
			name = UniqueHackday_realUITests;
			productName = UniqueHackday_realUITests;
			productReference = 0872F6FC20C2E484005B0C21 /* UniqueHackday_realUITests.xctest */;
			productType = "com.apple.product-type.bundle.ui-testing";
		};
/* End PBXNativeTarget section */

/* Begin PBXProject section */
		0872F6D120C2E484005B0C21 /* Project object */ = {
			isa = PBXProject;
			attributes = {
				LastUpgradeCheck = 0920;
				ORGANIZATIONNAME = UniqueHackday2018;
				TargetAttributes = {
					0872F6D820C2E484005B0C21 = {
						CreatedOnToolsVersion = 9.2;
						ProvisioningStyle = Automatic;
					};
					0872F6F020C2E484005B0C21 = {
						CreatedOnToolsVersion = 9.2;
						ProvisioningStyle = Automatic;
						TestTargetID = 0872F6D820C2E484005B0C21;
					};
					0872F6FB20C2E484005B0C21 = {
						CreatedOnToolsVersion = 9.2;
						ProvisioningStyle = Automatic;
						TestTargetID = 0872F6D820C2E484005B0C21;
					};
				};
			};
			buildConfigurationList = 0872F6D420C2E484005B0C21 /* Build configuration list for PBXProject "UniqueHackday_real" */;
			compatibilityVersion = "Xcode 8.0";
			developmentRegion = en;
			hasScannedForEncodings = 0;
			knownRegions = (
				en,
				Base,
			);
			mainGroup = 0872F6D020C2E484005B0C21;
			productRefGroup = 0872F6DA20C2E484005B0C21 /* Products */;
			projectDirPath = "";
			projectRoot = "";
			targets = (
				0872F6D820C2E484005B0C21 /* UniqueHackday_real */,
				0872F6F020C2E484005B0C21 /* UniqueHackday_realTests */,
				0872F6FB20C2E484005B0C21 /* UniqueHackday_realUITests */,
			);
		};
/* End PBXProject section */

/* Begin PBXResourcesBuildPhase section */
		0872F6D720C2E484005B0C21 /* Resources */ = {
			isa = PBXResourcesBuildPhase;
			buildActionMask = 2147483647;
			files = (
				0872F6E920C2E484005B0C21 /* LaunchScreen.storyboard in Resources */,
				0872F6E620C2E484005B0C21 /* Assets.xcassets in Resources */,
				0872F6E420C2E484005B0C21 /* Main.storyboard in Resources */,
			);
			runOnlyForDeploymentPostprocessing = 0;
		};
		0872F6EF20C2E484005B0C21 /* Resources */ = {
			isa = PBXResourcesBuildPhase;
			buildActionMask = 2147483647;
			files = (
			);
			runOnlyForDeploymentPostprocessing = 0;
		};
		0872F6FA20C2E484005B0C21 /* Resources */ = {
			isa = PBXResourcesBuildPhase;
			buildActionMask = 2147483647;
			files = (
			);
			runOnlyForDeploymentPostprocessing = 0;
		};
/* End PBXResourcesBuildPhase section */

/* Begin PBXShellScriptBuildPhase section */
		8C328DA84EAB998B42636200 /* [CP] Embed Pods Frameworks */ = {
			isa = PBXShellScriptBuildPhase;
			buildActionMask = 2147483647;
			files = (
			);
			inputPaths = (
			);
			name = "[CP] Embed Pods Frameworks";
			outputPaths = (
			);
			runOnlyForDeploymentPostprocessing = 0;
			shellPath = /bin/sh;
			shellScript = "\"${SRCROOT}/Pods/Target Support Files/Pods-UniqueHackday_real/Pods-UniqueHackday_real-frameworks.sh\"\n";
			showEnvVarsInLog = 0;
		};
		AE8C6566A2EA3D72D86FC28D /* [CP] Check Pods Manifest.lock */ = {
			isa = PBXShellScriptBuildPhase;
			buildActionMask = 2147483647;
			files = (
			);
			inputPaths = (
				"${PODS_PODFILE_DIR_PATH}/Podfile.lock",
				"${PODS_ROOT}/Manifest.lock",
			);
			name = "[CP] Check Pods Manifest.lock";
			outputPaths = (
				"$(DERIVED_FILE_DIR)/Pods-UniqueHackday_real-checkManifestLockResult.txt",
			);
			runOnlyForDeploymentPostprocessing = 0;
			shellPath = /bin/sh;
			shellScript = "diff \"${PODS_PODFILE_DIR_PATH}/Podfile.lock\" \"${PODS_ROOT}/Manifest.lock\" > /dev/null\nif [ $? != 0 ] ; then\n    # print error to STDERR\n    echo \"error: The sandbox is not in sync with the Podfile.lock. Run 'pod install' or update your CocoaPods installation.\" >&2\n    exit 1\nfi\n# This output is used by Xcode 'outputs' to avoid re-running this script phase.\necho \"SUCCESS\" > \"${SCRIPT_OUTPUT_FILE_0}\"\n";
			showEnvVarsInLog = 0;
		};
		E67AFDBA2941E30A076D9CA6 /* [CP] Copy Pods Resources */ = {
			isa = PBXShellScriptBuildPhase;
			buildActionMask = 2147483647;
			files = (
			);
			inputPaths = (
			);
			name = "[CP] Copy Pods Resources";
			outputPaths = (
			);
			runOnlyForDeploymentPostprocessing = 0;
			shellPath = /bin/sh;
			shellScript = "\"${SRCROOT}/Pods/Target Support Files/Pods-UniqueHackday_real/Pods-UniqueHackday_real-resources.sh\"\n";
			showEnvVarsInLog = 0;
		};
/* End PBXShellScriptBuildPhase section */

/* Begin PBXSourcesBuildPhase section */
		0872F6D520C2E484005B0C21 /* Sources */ = {
			isa = PBXSourcesBuildPhase;
			buildActionMask = 2147483647;
			files = (
				E20AA44F20C2EB5500839069 /* RegisterController.m in Sources */,
				E20AA43F20C2EABB00839069 /* KnowledgeController.m in Sources */,
				E20AA44220C2EAF300839069 /* SkillController.m in Sources */,
				0872F6E120C2E484005B0C21 /* ViewController.m in Sources */,
				0872F71F20C2E637005B0C21 /* Knowledge.m in Sources */,
				0872F72520C2E668005B0C21 /* Chance.m in Sources */,
				0872F71C20C2E622005B0C21 /* Employment.m in Sources */,
				0872F72E20C3713B005B0C21 /* CompleteController.m in Sources */,
				E2956FD920C322F500391708 /* CollectionCell.m in Sources */,
				E2956FE520C353DC00391708 /* TopView.m in Sources */,
				0872F6EC20C2E484005B0C21 /* main.m in Sources */,
				0872F71620C2E5E4005B0C21 /* User.m in Sources */,
				0872F71320C2E5CC005B0C21 /* Major.m in Sources */,
				0872F71020C2E591005B0C21 /* DataBase.m in Sources */,
				0872F72820C2E678005B0C21 /* Article.m in Sources */,
				0872F72220C2E64B005B0C21 /* Skill.m in Sources */,
				0872F72B20C2E689005B0C21 /* Company.m in Sources */,
				E20AA45620C309D500839069 /* NetworkTool.m in Sources */,
				E2956FDF20C332D400391708 /* HeaderCell.m in Sources */,
				0872F6DE20C2E484005B0C21 /* AppDelegate.m in Sources */,
				E20AA44820C2EB1500839069 /* MeController.m in Sources */,
				E20AA45220C2F80000839069 /* UIResponder+FirstResponder.m in Sources */,
				E2956FF120C3726800391708 /* MeCellTableViewCell.m in Sources */,
				0872F71920C2E601005B0C21 /* MajorInfo.m in Sources */,
				E2956FFA20C38B5500391708 /* Tab2Item.m in Sources */,
				E2956FDC20C3277D00391708 /* HorizontalCell.m in Sources */,
				E2956FE220C336B000391708 /* ArticleCell.m in Sources */,
				E2956FF420C37E3B00391708 /* Tab1.m in Sources */,
				E2956FF720C38AD800391708 /* Tab2.m in Sources */,
				E20AA44520C2EB0B00839069 /* EmploymentController.m in Sources */,
				E20AA44C20C2EB3F00839069 /* LoginController.m in Sources */,
			);
			runOnlyForDeploymentPostprocessing = 0;
		};
		0872F6ED20C2E484005B0C21 /* Sources */ = {
			isa = PBXSourcesBuildPhase;
			buildActionMask = 2147483647;
			files = (
				0872F6F620C2E484005B0C21 /* UniqueHackday_realTests.m in Sources */,
			);
			runOnlyForDeploymentPostprocessing = 0;
		};
		0872F6F820C2E484005B0C21 /* Sources */ = {
			isa = PBXSourcesBuildPhase;
			buildActionMask = 2147483647;
			files = (
				0872F70120C2E484005B0C21 /* UniqueHackday_realUITests.m in Sources */,
			);
			runOnlyForDeploymentPostprocessing = 0;
		};
/* End PBXSourcesBuildPhase section */

/* Begin PBXTargetDependency section */
		0872F6F320C2E484005B0C21 /* PBXTargetDependency */ = {
			isa = PBXTargetDependency;
			target = 0872F6D820C2E484005B0C21 /* UniqueHackday_real */;
			targetProxy = 0872F6F220C2E484005B0C21 /* PBXContainerItemProxy */;
		};
		0872F6FE20C2E484005B0C21 /* PBXTargetDependency */ = {
			isa = PBXTargetDependency;
			target = 0872F6D820C2E484005B0C21 /* UniqueHackday_real */;
			targetProxy = 0872F6FD20C2E484005B0C21 /* PBXContainerItemProxy */;
		};
/* End PBXTargetDependency section */

/* Begin PBXVariantGroup section */
		0872F6E220C2E484005B0C21 /* Main.storyboard */ = {
			isa = PBXVariantGroup;
			children = (
				0872F6E320C2E484005B0C21 /* Base */,
			);
			name = Main.storyboard;
			sourceTree = "<group>";
		};
		0872F6E720C2E484005B0C21 /* LaunchScreen.storyboard */ = {
			isa = PBXVariantGroup;
			children = (
				0872F6E820C2E484005B0C21 /* Base */,
			);
			name = LaunchScreen.storyboard;
			sourceTree = "<group>";
		};
/* End PBXVariantGroup section */

/* Begin XCBuildConfiguration section */
		0872F70320C2E484005B0C21 /* Debug */ = {
			isa = XCBuildConfiguration;
			buildSettings = {
				ALWAYS_SEARCH_USER_PATHS = NO;
				CLANG_ANALYZER_NONNULL = YES;
				CLANG_ANALYZER_NUMBER_OBJECT_CONVERSION = YES_AGGRESSIVE;
				CLANG_CXX_LANGUAGE_STANDARD = "gnu++14";
				CLANG_CXX_LIBRARY = "libc++";
				CLANG_ENABLE_MODULES = YES;
				CLANG_ENABLE_OBJC_ARC = YES;
				CLANG_WARN_BLOCK_CAPTURE_AUTORELEASING = YES;
				CLANG_WARN_BOOL_CONVERSION = YES;
				CLANG_WARN_COMMA = YES;
				CLANG_WARN_CONSTANT_CONVERSION = YES;
				CLANG_WARN_DIRECT_OBJC_ISA_USAGE = YES_ERROR;
				CLANG_WARN_DOCUMENTATION_COMMENTS = YES;
				CLANG_WARN_EMPTY_BODY = YES;
				CLANG_WARN_ENUM_CONVERSION = YES;
				CLANG_WARN_INFINITE_RECURSION = YES;
				CLANG_WARN_INT_CONVERSION = YES;
				CLANG_WARN_NON_LITERAL_NULL_CONVERSION = YES;
				CLANG_WARN_OBJC_LITERAL_CONVERSION = YES;
				CLANG_WARN_OBJC_ROOT_CLASS = YES_ERROR;
				CLANG_WARN_RANGE_LOOP_ANALYSIS = YES;
				CLANG_WARN_STRICT_PROTOTYPES = YES;
				CLANG_WARN_SUSPICIOUS_MOVE = YES;
				CLANG_WARN_UNGUARDED_AVAILABILITY = YES_AGGRESSIVE;
				CLANG_WARN_UNREACHABLE_CODE = YES;
				CLANG_WARN__DUPLICATE_METHOD_MATCH = YES;
				CODE_SIGN_IDENTITY = "iPhone Developer";
				COPY_PHASE_STRIP = NO;
				DEBUG_INFORMATION_FORMAT = dwarf;
				ENABLE_STRICT_OBJC_MSGSEND = YES;
				ENABLE_TESTABILITY = YES;
				GCC_C_LANGUAGE_STANDARD = gnu11;
				GCC_DYNAMIC_NO_PIC = NO;
				GCC_NO_COMMON_BLOCKS = YES;
				GCC_OPTIMIZATION_LEVEL = 0;
				GCC_PREPROCESSOR_DEFINITIONS = (
					"DEBUG=1",
					"$(inherited)",
				);
				GCC_WARN_64_TO_32_BIT_CONVERSION = YES;
				GCC_WARN_ABOUT_RETURN_TYPE = YES_ERROR;
				GCC_WARN_UNDECLARED_SELECTOR = YES;
				GCC_WARN_UNINITIALIZED_AUTOS = YES_AGGRESSIVE;
				GCC_WARN_UNUSED_FUNCTION = YES;
				GCC_WARN_UNUSED_VARIABLE = YES;
				IPHONEOS_DEPLOYMENT_TARGET = 11.2;
				MTL_ENABLE_DEBUG_INFO = YES;
				ONLY_ACTIVE_ARCH = YES;
				SDKROOT = iphoneos;
			};
			name = Debug;
		};
		0872F70420C2E484005B0C21 /* Release */ = {
			isa = XCBuildConfiguration;
			buildSettings = {
				ALWAYS_SEARCH_USER_PATHS = NO;
				CLANG_ANALYZER_NONNULL = YES;
				CLANG_ANALYZER_NUMBER_OBJECT_CONVERSION = YES_AGGRESSIVE;
				CLANG_CXX_LANGUAGE_STANDARD = "gnu++14";
				CLANG_CXX_LIBRARY = "libc++";
				CLANG_ENABLE_MODULES = YES;
				CLANG_ENABLE_OBJC_ARC = YES;
				CLANG_WARN_BLOCK_CAPTURE_AUTORELEASING = YES;
				CLANG_WARN_BOOL_CONVERSION = YES;
				CLANG_WARN_COMMA = YES;
				CLANG_WARN_CONSTANT_CONVERSION = YES;
				CLANG_WARN_DIRECT_OBJC_ISA_USAGE = YES_ERROR;
				CLANG_WARN_DOCUMENTATION_COMMENTS = YES;
				CLANG_WARN_EMPTY_BODY = YES;
				CLANG_WARN_ENUM_CONVERSION = YES;
				CLANG_WARN_INFINITE_RECURSION = YES;
				CLANG_WARN_INT_CONVERSION = YES;
				CLANG_WARN_NON_LITERAL_NULL_CONVERSION = YES;
				CLANG_WARN_OBJC_LITERAL_CONVERSION = YES;
				CLANG_WARN_OBJC_ROOT_CLASS = YES_ERROR;
				CLANG_WARN_RANGE_LOOP_ANALYSIS = YES;
				CLANG_WARN_STRICT_PROTOTYPES = YES;
				CLANG_WARN_SUSPICIOUS_MOVE = YES;
				CLANG_WARN_UNGUARDED_AVAILABILITY = YES_AGGRESSIVE;
				CLANG_WARN_UNREACHABLE_CODE = YES;
				CLANG_WARN__DUPLICATE_METHOD_MATCH = YES;
				CODE_SIGN_IDENTITY = "iPhone Developer";
				COPY_PHASE_STRIP = NO;
				DEBUG_INFORMATION_FORMAT = "dwarf-with-dsym";
				ENABLE_NS_ASSERTIONS = NO;
				ENABLE_STRICT_OBJC_MSGSEND = YES;
				GCC_C_LANGUAGE_STANDARD = gnu11;
				GCC_NO_COMMON_BLOCKS = YES;
				GCC_WARN_64_TO_32_BIT_CONVERSION = YES;
				GCC_WARN_ABOUT_RETURN_TYPE = YES_ERROR;
				GCC_WARN_UNDECLARED_SELECTOR = YES;
				GCC_WARN_UNINITIALIZED_AUTOS = YES_AGGRESSIVE;
				GCC_WARN_UNUSED_FUNCTION = YES;
				GCC_WARN_UNUSED_VARIABLE = YES;
				IPHONEOS_DEPLOYMENT_TARGET = 11.2;
				MTL_ENABLE_DEBUG_INFO = NO;
				SDKROOT = iphoneos;
				VALIDATE_PRODUCT = YES;
			};
			name = Release;
		};
		0872F70620C2E484005B0C21 /* Debug */ = {
			isa = XCBuildConfiguration;
			baseConfigurationReference = 4018CFDE32E0E7E5E0C14069 /* Pods-UniqueHackday_real.debug.xcconfig */;
			buildSettings = {
				ASSETCATALOG_COMPILER_APPICON_NAME = AppIcon;
				CODE_SIGN_STYLE = Automatic;
				DEVELOPMENT_TEAM = 2K757B683S;
				INFOPLIST_FILE = UniqueHackday_real/Info.plist;
				LD_RUNPATH_SEARCH_PATHS = "$(inherited) @executable_path/Frameworks";
				PRODUCT_BUNDLE_IDENTIFIER = com.hackday;
				PRODUCT_NAME = "$(TARGET_NAME)";
				TARGETED_DEVICE_FAMILY = "1,2";
			};
			name = Debug;
		};
		0872F70720C2E484005B0C21 /* Release */ = {
			isa = XCBuildConfiguration;
			baseConfigurationReference = BF24F59DDB6CEDBFD1AAAD9D /* Pods-UniqueHackday_real.release.xcconfig */;
			buildSettings = {
				ASSETCATALOG_COMPILER_APPICON_NAME = AppIcon;
				CODE_SIGN_STYLE = Automatic;
				DEVELOPMENT_TEAM = 2K757B683S;
				INFOPLIST_FILE = UniqueHackday_real/Info.plist;
				LD_RUNPATH_SEARCH_PATHS = "$(inherited) @executable_path/Frameworks";
				PRODUCT_BUNDLE_IDENTIFIER = com.hackday;
				PRODUCT_NAME = "$(TARGET_NAME)";
				TARGETED_DEVICE_FAMILY = "1,2";
			};
			name = Release;
		};
		0872F70920C2E484005B0C21 /* Debug */ = {
			isa = XCBuildConfiguration;
			buildSettings = {
				BUNDLE_LOADER = "$(TEST_HOST)";
				CODE_SIGN_STYLE = Automatic;
				DEVELOPMENT_TEAM = Q64PWL267Z;
				INFOPLIST_FILE = UniqueHackday_realTests/Info.plist;
				LD_RUNPATH_SEARCH_PATHS = "$(inherited) @executable_path/Frameworks @loader_path/Frameworks";
				PRODUCT_BUNDLE_IDENTIFIER = "-.UniqueHackday-realTests";
				PRODUCT_NAME = "$(TARGET_NAME)";
				TARGETED_DEVICE_FAMILY = "1,2";
				TEST_HOST = "$(BUILT_PRODUCTS_DIR)/UniqueHackday_real.app/UniqueHackday_real";
			};
			name = Debug;
		};
		0872F70A20C2E484005B0C21 /* Release */ = {
			isa = XCBuildConfiguration;
			buildSettings = {
				BUNDLE_LOADER = "$(TEST_HOST)";
				CODE_SIGN_STYLE = Automatic;
				DEVELOPMENT_TEAM = Q64PWL267Z;
				INFOPLIST_FILE = UniqueHackday_realTests/Info.plist;
				LD_RUNPATH_SEARCH_PATHS = "$(inherited) @executable_path/Frameworks @loader_path/Frameworks";
				PRODUCT_BUNDLE_IDENTIFIER = "-.UniqueHackday-realTests";
				PRODUCT_NAME = "$(TARGET_NAME)";
				TARGETED_DEVICE_FAMILY = "1,2";
				TEST_HOST = "$(BUILT_PRODUCTS_DIR)/UniqueHackday_real.app/UniqueHackday_real";
			};
			name = Release;
		};
		0872F70C20C2E484005B0C21 /* Debug */ = {
			isa = XCBuildConfiguration;
			buildSettings = {
				CODE_SIGN_STYLE = Automatic;
				DEVELOPMENT_TEAM = Q64PWL267Z;
				INFOPLIST_FILE = UniqueHackday_realUITests/Info.plist;
				LD_RUNPATH_SEARCH_PATHS = "$(inherited) @executable_path/Frameworks @loader_path/Frameworks";
				PRODUCT_BUNDLE_IDENTIFIER = "-.UniqueHackday-realUITests";
				PRODUCT_NAME = "$(TARGET_NAME)";
				TARGETED_DEVICE_FAMILY = "1,2";
				TEST_TARGET_NAME = UniqueHackday_real;
			};
			name = Debug;
		};
		0872F70D20C2E484005B0C21 /* Release */ = {
			isa = XCBuildConfiguration;
			buildSettings = {
				CODE_SIGN_STYLE = Automatic;
				DEVELOPMENT_TEAM = Q64PWL267Z;
				INFOPLIST_FILE = UniqueHackday_realUITests/Info.plist;
				LD_RUNPATH_SEARCH_PATHS = "$(inherited) @executable_path/Frameworks @loader_path/Frameworks";
				PRODUCT_BUNDLE_IDENTIFIER = "-.UniqueHackday-realUITests";
				PRODUCT_NAME = "$(TARGET_NAME)";
				TARGETED_DEVICE_FAMILY = "1,2";
				TEST_TARGET_NAME = UniqueHackday_real;
			};
			name = Release;
		};
/* End XCBuildConfiguration section */

/* Begin XCConfigurationList section */
		0872F6D420C2E484005B0C21 /* Build configuration list for PBXProject "UniqueHackday_real" */ = {
			isa = XCConfigurationList;
			buildConfigurations = (
				0872F70320C2E484005B0C21 /* Debug */,
				0872F70420C2E484005B0C21 /* Release */,
			);
			defaultConfigurationIsVisible = 0;
			defaultConfigurationName = Release;
		};
		0872F70520C2E484005B0C21 /* Build configuration list for PBXNativeTarget "UniqueHackday_real" */ = {
			isa = XCConfigurationList;
			buildConfigurations = (
				0872F70620C2E484005B0C21 /* Debug */,
				0872F70720C2E484005B0C21 /* Release */,
			);
			defaultConfigurationIsVisible = 0;
			defaultConfigurationName = Release;
		};
		0872F70820C2E484005B0C21 /* Build configuration list for PBXNativeTarget "UniqueHackday_realTests" */ = {
			isa = XCConfigurationList;
			buildConfigurations = (
				0872F70920C2E484005B0C21 /* Debug */,
				0872F70A20C2E484005B0C21 /* Release */,
			);
			defaultConfigurationIsVisible = 0;
			defaultConfigurationName = Release;
		};
		0872F70B20C2E484005B0C21 /* Build configuration list for PBXNativeTarget "UniqueHackday_realUITests" */ = {
			isa = XCConfigurationList;
			buildConfigurations = (
				0872F70C20C2E484005B0C21 /* Debug */,
				0872F70D20C2E484005B0C21 /* Release */,
			);
			defaultConfigurationIsVisible = 0;
			defaultConfigurationName = Release;
		};
/* End XCConfigurationList section */
	};
	rootObject = 0872F6D120C2E484005B0C21 /* Project object */;
}
